
Microsoft Visual Studio Solution File, Format Version 12.00
# Visual Studio 14
VisualStudioVersion = 14.0.23107.0
MinimumVisualStudioVersion = 10.0.40219.1
Project("{FAE04EC0-301F-11D3-BF4B-00C04F79EFBC}") = "screenium", "screenium\screenium.csproj", "{925C50F6-A7AF-4DD0-86DB-F2F45CBF6E21}"
EndProject
Project("{2150E333-8FDC-42A3-9474-1A3956D46DE8}") = "Solution Items", "Solution Items", "{EFDF2F12-5CE6-490C-9E99-D2BD74955727}"
	ProjectSection(SolutionItems) = preProject
		..\license.txt = ..\license.txt
		..\readme.md = ..\readme.md
		..\todo.txt = ..\todo.txt
	EndProjectSection
EndProject
Project("{2150E333-8FDC-42A3-9474-1A3956D46DE8}") = "TestData", "TestData", "{1EE40357-2F2C-4BA0-99D7-C133459A5EF8}"
	ProjectSection(SolutionItems) = preProject
		TestData\testBadCsv.csv = TestData\testBadCsv.csv
		TestData\testGoogleHome.csv = TestData\testGoogleHome.csv
	EndProjectSection
EndProject
Project("{2150E333-8FDC-42A3-9474-1A3956D46DE8}") = "bat files", "bat files", "{30135C18-1164-430E-942F-6FE102E90FDF}"
	ProjectSection(SolutionItems) = preProject
		..\copy_edited_image_of_google.bat = ..\copy_edited_image_of_google.bat
		..\run_bad_test_name.bat = ..\run_bad_test_name.bat
		..\run_badCsv.bat = ..\run_badCsv.bat
		..\run_combinedReport.bat = ..\run_combinedReport.bat
		..\run_google_home.bat = ..\run_google_home.bat
		..\run_google_home_save.bat = ..\run_google_home_save.bat
		..\run_self_test.bat = ..\run_self_test.bat
	EndProjectSection
EndProject
Global
	GlobalSection(SolutionConfigurationPlatforms) = preSolution
		Debug|Any CPU = Debug|Any CPU
		Release|Any CPU = Release|Any CPU
	EndGlobalSection
	GlobalSection(ProjectConfigurationPlatforms) = postSolution
		{925C50F6-A7AF-4DD0-86DB-F2F45CBF6E21}.Debug|Any CPU.ActiveCfg = Debug|Any CPU
		{925C50F6-A7AF-4DD0-86DB-F2F45CBF6E21}.Debug|Any CPU.Build.0 = Debug|Any CPU
		{925C50F6-A7AF-4DD0-86DB-F2F45CBF6E21}.Release|Any CPU.ActiveCfg = Release|Any CPU
		{925C50F6-A7AF-4DD0-86DB-F2F45CBF6E21}.Release|Any CPU.Build.0 = Release|Any CPU
	EndGlobalSection
	GlobalSection(SolutionProperties) = preSolution
		HideSolutionNode = FALSE
	EndGlobalSection
	GlobalSection(NestedProjects) = preSolution
		{1EE40357-2F2C-4BA0-99D7-C133459A5EF8} = {EFDF2F12-5CE6-490C-9E99-D2BD74955727}
		{30135C18-1164-430E-942F-6FE102E90FDF} = {EFDF2F12-5CE6-490C-9E99-D2BD74955727}
	EndGlobalSection
EndGlobal
